
Microsoft Visual Studio Solution File, Format Version 12.00
# Visual Studio Version 16
VisualStudioVersion = 16.0.29409.12
MinimumVisualStudioVersion = 10.0.40219.1
Project("{FAE04EC0-301F-11D3-BF4B-00C04F79EFBC}") = "番号库查看系统", "番号库查看系统\番号库查看系统.csproj", "{1E5F711C-7131-4C94-9050-575778572F43}"
EndProject
Project("{FAE04EC0-301F-11D3-BF4B-00C04F79EFBC}") = "Bgimage", "Bgimage\Bgimage.csproj", "{0FA96CA2-CFFF-4A80-BCBC-5CB2051CE356}"
EndProject
Global
	GlobalSection(SolutionConfigurationPlatforms) = preSolution
		Debug|Any CPU = Debug|Any CPU
		Debug|ARM = Debug|ARM
		Debug|ARM64 = Debug|ARM64
		Debug|x64 = Debug|x64
		Debug|x86 = Debug|x86
		Release|Any CPU = Release|Any CPU
		Release|ARM = Release|ARM
		Release|ARM64 = Release|ARM64
		Release|x64 = Release|x64
		Release|x86 = Release|x86
	EndGlobalSection
	GlobalSection(ProjectConfigurationPlatforms) = postSolution
		{1E5F711C-7131-4C94-9050-575778572F43}.Debug|Any CPU.ActiveCfg = Debug|Any CPU
		{1E5F711C-7131-4C94-9050-575778572F43}.Debug|Any CPU.Build.0 = Debug|Any CPU
		{1E5F711C-7131-4C94-9050-575778572F43}.Debug|ARM.ActiveCfg = Debug|Any CPU
		{1E5F711C-7131-4C94-9050-575778572F43}.Debug|ARM.Build.0 = Debug|Any CPU
		{1E5F711C-7131-4C94-9050-575778572F43}.Debug|ARM64.ActiveCfg = Debug|Any CPU
		{1E5F711C-7131-4C94-9050-575778572F43}.Debug|ARM64.Build.0 = Debug|Any CPU
		{1E5F711C-7131-4C94-9050-575778572F43}.Debug|x64.ActiveCfg = Debug|x86
		{1E5F711C-7131-4C94-9050-575778572F43}.Debug|x64.Build.0 = Debug|x86
		{1E5F711C-7131-4C94-9050-575778572F43}.Debug|x86.ActiveCfg = Release|x86
		{1E5F711C-7131-4C94-9050-575778572F43}.Debug|x86.Build.0 = Release|x86
		{1E5F711C-7131-4C94-9050-575778572F43}.Release|Any CPU.ActiveCfg = Release|Any CPU
		{1E5F711C-7131-4C94-9050-575778572F43}.Release|Any CPU.Build.0 = Release|Any CPU
		{1E5F711C-7131-4C94-9050-575778572F43}.Release|ARM.ActiveCfg = Release|Any CPU
		{1E5F711C-7131-4C94-9050-575778572F43}.Release|ARM.Build.0 = Release|Any CPU
		{1E5F711C-7131-4C94-9050-575778572F43}.Release|ARM64.ActiveCfg = Release|Any CPU
		{1E5F711C-7131-4C94-9050-575778572F43}.Release|ARM64.Build.0 = Release|Any CPU
		{1E5F711C-7131-4C94-9050-575778572F43}.Release|x64.ActiveCfg = Release|Any CPU
		{1E5F711C-7131-4C94-9050-575778572F43}.Release|x64.Build.0 = Release|Any CPU
		{1E5F711C-7131-4C94-9050-575778572F43}.Release|x86.ActiveCfg = Release|Any CPU
		{1E5F711C-7131-4C94-9050-575778572F43}.Release|x86.Build.0 = Release|Any CPU
		{0FA96CA2-CFFF-4A80-BCBC-5CB2051CE356}.Debug|Any CPU.ActiveCfg = Debug|Any CPU
		{0FA96CA2-CFFF-4A80-BCBC-5CB2051CE356}.Debug|Any CPU.Build.0 = Debug|Any CPU
		{0FA96CA2-CFFF-4A80-BCBC-5CB2051CE356}.Debug|ARM.ActiveCfg = Debug|Any CPU
		{0FA96CA2-CFFF-4A80-BCBC-5CB2051CE356}.Debug|ARM.Build.0 = Debug|Any CPU
		{0FA96CA2-CFFF-4A80-BCBC-5CB2051CE356}.Debug|ARM64.ActiveCfg = Debug|Any CPU
		{0FA96CA2-CFFF-4A80-BCBC-5CB2051CE356}.Debug|ARM64.Build.0 = Debug|Any CPU
		{0FA96CA2-CFFF-4A80-BCBC-5CB2051CE356}.Debug|x64.ActiveCfg = Debug|Any CPU
		{0FA96CA2-CFFF-4A80-BCBC-5CB2051CE356}.Debug|x64.Build.0 = Debug|Any CPU
		{0FA96CA2-CFFF-4A80-BCBC-5CB2051CE356}.Debug|x86.ActiveCfg = Debug|Any CPU
		{0FA96CA2-CFFF-4A80-BCBC-5CB2051CE356}.Debug|x86.Build.0 = Debug|Any CPU
		{0FA96CA2-CFFF-4A80-BCBC-5CB2051CE356}.Release|Any CPU.ActiveCfg = Release|Any CPU
		{0FA96CA2-CFFF-4A80-BCBC-5CB2051CE356}.Release|Any CPU.Build.0 = Release|Any CPU
		{0FA96CA2-CFFF-4A80-BCBC-5CB2051CE356}.Release|ARM.ActiveCfg = Release|Any CPU
		{0FA96CA2-CFFF-4A80-BCBC-5CB2051CE356}.Release|ARM.Build.0 = Release|Any CPU
		{0FA96CA2-CFFF-4A80-BCBC-5CB2051CE356}.Release|ARM64.ActiveCfg = Release|Any CPU
		{0FA96CA2-CFFF-4A80-BCBC-5CB2051CE356}.Release|ARM64.Build.0 = Release|Any CPU
		{0FA96CA2-CFFF-4A80-BCBC-5CB2051CE356}.Release|x64.ActiveCfg = Release|Any CPU
		{0FA96CA2-CFFF-4A80-BCBC-5CB2051CE356}.Release|x64.Build.0 = Release|Any CPU
		{0FA96CA2-CFFF-4A80-BCBC-5CB2051CE356}.Release|x86.ActiveCfg = Release|Any CPU
		{0FA96CA2-CFFF-4A80-BCBC-5CB2051CE356}.Release|x86.Build.0 = Release|Any CPU
	EndGlobalSection
	GlobalSection(SolutionProperties) = preSolution
		HideSolutionNode = FALSE
	EndGlobalSection
	GlobalSection(ExtensibilityGlobals) = postSolution
		SolutionGuid = {26BEBAB7-46B0-4BEE-9F07-B9001FE6459B}
	EndGlobalSection
EndGlobal
